// !$*UTF8*$!
{
	archiveVersion = 1;
	classes = {
	};
	objectVersion = 55;
	objects = {

/* Begin PBXBuildFile section */
		B12662AA292D368B00DB8E93 /* Usuario.xcdatamodeld in Sources */ = {isa = PBXBuildFile; fileRef = B12662A8292D368B00DB8E93 /* Usuario.xcdatamodeld */; };
		B12662AC292D371900DB8E93 /* CoreDataManager.swift in Sources */ = {isa = PBXBuildFile; fileRef = B12662AB292D371900DB8E93 /* CoreDataManager.swift */; };
		B16BE9D829269A40000580C4 /* Lista.swift in Sources */ = {isa = PBXBuildFile; fileRef = B16BE9D729269A40000580C4 /* Lista.swift */; };
		CF3A861E2922A367000CCB5E /* CrudSwiftApp.swift in Sources */ = {isa = PBXBuildFile; fileRef = CF3A861D2922A367000CCB5E /* CrudSwiftApp.swift */; };
		CF3A86202922A367000CCB5E /* ContentView.swift in Sources */ = {isa = PBXBuildFile; fileRef = CF3A861F2922A367000CCB5E /* ContentView.swift */; };
		CF3A86222922A368000CCB5E /* Assets.xcassets in Resources */ = {isa = PBXBuildFile; fileRef = CF3A86212922A368000CCB5E /* Assets.xcassets */; };
		CF3A86252922A368000CCB5E /* Preview Assets.xcassets in Resources */ = {isa = PBXBuildFile; fileRef = CF3A86242922A368000CCB5E /* Preview Assets.xcassets */; };
		CF3A86312922A78B000CCB5E /* Consultar.swift in Sources */ = {isa = PBXBuildFile; fileRef = CF3A86302922A78B000CCB5E /* Consultar.swift */; };
		CF3A86332922A9CC000CCB5E /* Modificar.swift in Sources */ = {isa = PBXBuildFile; fileRef = CF3A86322922A9CC000CCB5E /* Modificar.swift */; };
		CF3A86352922A9D9000CCB5E /* Anadir.swift in Sources */ = {isa = PBXBuildFile; fileRef = CF3A86342922A9D9000CCB5E /* Anadir.swift */; };
/* End PBXBuildFile section */

/* Begin PBXFileReference section */
		B12662A9292D368B00DB8E93 /* Usuario.xcdatamodel */ = {isa = PBXFileReference; lastKnownFileType = wrapper.xcdatamodel; path = Usuario.xcdatamodel; sourceTree = "<group>"; };
		B12662AB292D371900DB8E93 /* CoreDataManager.swift */ = {isa = PBXFileReference; lastKnownFileType = sourcecode.swift; path = CoreDataManager.swift; sourceTree = "<group>"; };
		B16BE9D729269A40000580C4 /* Lista.swift */ = {isa = PBXFileReference; lastKnownFileType = sourcecode.swift; path = Lista.swift; sourceTree = "<group>"; };
		CF3A861A2922A367000CCB5E /* CrudSwift.app */ = {isa = PBXFileReference; explicitFileType = wrapper.application; includeInIndex = 0; path = CrudSwift.app; sourceTree = BUILT_PRODUCTS_DIR; };
		CF3A861D2922A367000CCB5E /* CrudSwiftApp.swift */ = {isa = PBXFileReference; lastKnownFileType = sourcecode.swift; path = CrudSwiftApp.swift; sourceTree = "<group>"; };
		CF3A861F2922A367000CCB5E /* ContentView.swift */ = {isa = PBXFileReference; lastKnownFileType = sourcecode.swift; path = ContentView.swift; sourceTree = "<group>"; };
		CF3A86212922A368000CCB5E /* Assets.xcassets */ = {isa = PBXFileReference; lastKnownFileType = folder.assetcatalog; path = Assets.xcassets; sourceTree = "<group>"; };
		CF3A86242922A368000CCB5E /* Preview Assets.xcassets */ = {isa = PBXFileReference; lastKnownFileType = folder.assetcatalog; path = "Preview Assets.xcassets"; sourceTree = "<group>"; };
		CF3A86302922A78B000CCB5E /* Consultar.swift */ = {isa = PBXFileReference; lastKnownFileType = sourcecode.swift; path = Consultar.swift; sourceTree = "<group>"; };
		CF3A86322922A9CC000CCB5E /* Modificar.swift */ = {isa = PBXFileReference; lastKnownFileType = sourcecode.swift; path = Modificar.swift; sourceTree = "<group>"; };
		CF3A86342922A9D9000CCB5E /* Anadir.swift */ = {isa = PBXFileReference; lastKnownFileType = sourcecode.swift; path = Anadir.swift; sourceTree = "<group>"; };
/* End PBXFileReference section */

/* Begin PBXFrameworksBuildPhase section */
		CF3A86172922A367000CCB5E /* Frameworks */ = {
			isa = PBXFrameworksBuildPhase;
			buildActionMask = 2147483647;
			files = (
			);
			runOnlyForDeploymentPostprocessing = 0;
		};
/* End PBXFrameworksBuildPhase section */

/* Begin PBXGroup section */
		CF3A86112922A367000CCB5E = {
			isa = PBXGroup;
			children = (
				CF3A861C2922A367000CCB5E /* CrudSwift */,
				CF3A861B2922A367000CCB5E /* Products */,
			);
			sourceTree = "<group>";
		};
		CF3A861B2922A367000CCB5E /* Products */ = {
			isa = PBXGroup;
			children = (
				CF3A861A2922A367000CCB5E /* CrudSwift.app */,
			);
			name = Products;
			sourceTree = "<group>";
		};
		CF3A861C2922A367000CCB5E /* CrudSwift */ = {
			isa = PBXGroup;
			children = (
				B12662AB292D371900DB8E93 /* CoreDataManager.swift */,
				B16BE9D729269A40000580C4 /* Lista.swift */,
				CF3A86342922A9D9000CCB5E /* Anadir.swift */,
				CF3A86322922A9CC000CCB5E /* Modificar.swift */,
				CF3A86302922A78B000CCB5E /* Consultar.swift */,
				CF3A861D2922A367000CCB5E /* CrudSwiftApp.swift */,
				CF3A861F2922A367000CCB5E /* ContentView.swift */,
				CF3A86212922A368000CCB5E /* Assets.xcassets */,
				CF3A86232922A368000CCB5E /* Preview Content */,
				B12662A8292D368B00DB8E93 /* Usuario.xcdatamodeld */,
			);
			path = CrudSwift;
			sourceTree = "<group>";
		};
		CF3A86232922A368000CCB5E /* Preview Content */ = {
			isa = PBXGroup;
			children = (
				CF3A86242922A368000CCB5E /* Preview Assets.xcassets */,
			);
			path = "Preview Content";
			sourceTree = "<group>";
		};
/* End PBXGroup section */

/* Begin PBXNativeTarget section */
		CF3A86192922A367000CCB5E /* CrudSwift */ = {
			isa = PBXNativeTarget;
			buildConfigurationList = CF3A862D2922A368000CCB5E /* Build configuration list for PBXNativeTarget "CrudSwift" */;
			buildPhases = (
				CF3A86162922A367000CCB5E /* Sources */,
				CF3A86172922A367000CCB5E /* Frameworks */,
				CF3A86182922A367000CCB5E /* Resources */,
			);
			buildRules = (
			);
			dependencies = (
			);
			name = CrudSwift;
			productName = CrudSwift;
			productReference = CF3A861A2922A367000CCB5E /* CrudSwift.app */;
			productType = "com.apple.product-type.application";
		};
/* End PBXNativeTarget section */

/* Begin PBXProject section */
		CF3A86122922A367000CCB5E /* Project object */ = {
			isa = PBXProject;
			attributes = {
				BuildIndependentTargetsInParallel = 1;
				LastSwiftUpdateCheck = 1310;
				LastUpgradeCheck = 1310;
				TargetAttributes = {
					CF3A86192922A367000CCB5E = {
						CreatedOnToolsVersion = 13.1;
					};
				};
			};
			buildConfigurationList = CF3A86152922A367000CCB5E /* Build configuration list for PBXProject "CrudSwift" */;
			compatibilityVersion = "Xcode 13.0";
			developmentRegion = en;
			hasScannedForEncodings = 0;
			knownRegions = (
				en,
				Base,
			);
			mainGroup = CF3A86112922A367000CCB5E;
			productRefGroup = CF3A861B2922A367000CCB5E /* Products */;
			projectDirPath = "";
			projectRoot = "";
			targets = (
				CF3A86192922A367000CCB5E /* CrudSwift */,
			);
		};
/* End PBXProject section */

/* Begin PBXResourcesBuildPhase section */
		CF3A86182922A367000CCB5E /* Resources */ = {
			isa = PBXResourcesBuildPhase;
			buildActionMask = 2147483647;
			files = (
				CF3A86252922A368000CCB5E /* Preview Assets.xcassets in Resources */,
				CF3A86222922A368000CCB5E /* Assets.xcassets in Resources */,
			);
			runOnlyForDeploymentPostprocessing = 0;
		};
/* End PBXResourcesBuildPhase section */

/* Begin PBXSourcesBuildPhase section */
		CF3A86162922A367000CCB5E /* Sources */ = {
			isa = PBXSourcesBuildPhase;
			buildActionMask = 2147483647;
			files = (
				CF3A86332922A9CC000CCB5E /* Modificar.swift in Sources */,
				CF3A86312922A78B000CCB5E /* Consultar.swift in Sources */,
				B16BE9D829269A40000580C4 /* Lista.swift in Sources */,
				B12662AA292D368B00DB8E93 /* Usuario.xcdatamodeld in Sources */,
				CF3A86202922A367000CCB5E /* ContentView.swift in Sources */,
				CF3A86352922A9D9000CCB5E /* Anadir.swift in Sources */,
				B12662AC292D371900DB8E93 /* CoreDataManager.swift in Sources */,
				CF3A861E2922A367000CCB5E /* CrudSwiftApp.swift in Sources */,
			);
			runOnlyForDeploymentPostprocessing = 0;
		};
/* End PBXSourcesBuildPhase section */

/* Begin XCBuildConfiguration section */
		CF3A862B2922A368000CCB5E /* Debug */ = {
			isa = XCBuildConfiguration;
			buildSettings = {
				ALWAYS_SEARCH_USER_PATHS = NO;
				CLANG_ANALYZER_NONNULL = YES;
				CLANG_ANALYZER_NUMBER_OBJECT_CONVERSION = YES_AGGRESSIVE;
				CLANG_CXX_LANGUAGE_STANDARD = "gnu++17";
				CLANG_CXX_LIBRARY = "libc++";
				CLANG_ENABLE_MODULES = YES;
				CLANG_ENABLE_OBJC_ARC = YES;
				CLANG_ENABLE_OBJC_WEAK = YES;
				CLANG_WARN_BLOCK_CAPTURE_AUTORELEASING = YES;
				CLANG_WARN_BOOL_CONVERSION = YES;
				CLANG_WARN_COMMA = YES;
				CLANG_WARN_CONSTANT_CONVERSION = YES;
				CLANG_WARN_DEPRECATED_OBJC_IMPLEMENTATIONS = YES;
				CLANG_WARN_DIRECT_OBJC_ISA_USAGE = YES_ERROR;
				CLANG_WARN_DOCUMENTATION_COMMENTS = YES;
				CLANG_WARN_EMPTY_BODY = YES;
				CLANG_WARN_ENUM_CONVERSION = YES;
				CLANG_WARN_INFINITE_RECURSION = YES;
				CLANG_WARN_INT_CONVERSION = YES;
				CLANG_WARN_NON_LITERAL_NULL_CONVERSION = YES;
				CLANG_WARN_OBJC_IMPLICIT_RETAIN_SELF = YES;
				CLANG_WARN_OBJC_LITERAL_CONVERSION = YES;
				CLANG_WARN_OBJC_ROOT_CLASS = YES_ERROR;
				CLANG_WARN_QUOTED_INCLUDE_IN_FRAMEWORK_HEADER = YES;
				CLANG_WARN_RANGE_LOOP_ANALYSIS = YES;
				CLANG_WARN_STRICT_PROTOTYPES = YES;
				CLANG_WARN_SUSPICIOUS_MOVE = YES;
				CLANG_WARN_UNGUARDED_AVAILABILITY = YES_AGGRESSIVE;
				CLANG_WARN_UNREACHABLE_CODE = YES;
				CLANG_WARN__DUPLICATE_METHOD_MATCH = YES;
				COPY_PHASE_STRIP = NO;
				DEBUG_INFORMATION_FORMAT = dwarf;
				ENABLE_STRICT_OBJC_MSGSEND = YES;
				ENABLE_TESTABILITY = YES;
				GCC_C_LANGUAGE_STANDARD = gnu11;
				GCC_DYNAMIC_NO_PIC = NO;
				GCC_NO_COMMON_BLOCKS = YES;
				GCC_OPTIMIZATION_LEVEL = 0;
				GCC_PREPROCESSOR_DEFINITIONS = (
					"DEBUG=1",
					"$(inherited)",
				);
				GCC_WARN_64_TO_32_BIT_CONVERSION = YES;
				GCC_WARN_ABOUT_RETURN_TYPE = YES_ERROR;
				GCC_WARN_UNDECLARED_SELECTOR = YES;
				GCC_WARN_UNINITIALIZED_AUTOS = YES_AGGRESSIVE;
				GCC_WARN_UNUSED_FUNCTION = YES;
				GCC_WARN_UNUSED_VARIABLE = YES;
				IPHONEOS_DEPLOYMENT_TARGET = 15.0;
				MTL_ENABLE_DEBUG_INFO = INCLUDE_SOURCE;
				MTL_FAST_MATH = YES;
				ONLY_ACTIVE_ARCH = YES;
				SDKROOT = iphoneos;
				SWIFT_ACTIVE_COMPILATION_CONDITIONS = DEBUG;
				SWIFT_OPTIMIZATION_LEVEL = "-Onone";
			};
			name = Debug;
		};
		CF3A862C2922A368000CCB5E /* Release */ = {
			isa = XCBuildConfiguration;
			buildSettings = {
				ALWAYS_SEARCH_USER_PATHS = NO;
				CLANG_ANALYZER_NONNULL = YES;
				CLANG_ANALYZER_NUMBER_OBJECT_CONVERSION = YES_AGGRESSIVE;
				CLANG_CXX_LANGUAGE_STANDARD = "gnu++17";
				CLANG_CXX_LIBRARY = "libc++";
				CLANG_ENABLE_MODULES = YES;
				CLANG_ENABLE_OBJC_ARC = YES;
				CLANG_ENABLE_OBJC_WEAK = YES;
				CLANG_WARN_BLOCK_CAPTURE_AUTORELEASING = YES;
				CLANG_WARN_BOOL_CONVERSION = YES;
				CLANG_WARN_COMMA = YES;
				CLANG_WARN_CONSTANT_CONVERSION = YES;
				CLANG_WARN_DEPRECATED_OBJC_IMPLEMENTATIONS = YES;
				CLANG_WARN_DIRECT_OBJC_ISA_USAGE = YES_ERROR;
				CLANG_WARN_DOCUMENTATION_COMMENTS = YES;
				CLANG_WARN_EMPTY_BODY = YES;
				CLANG_WARN_ENUM_CONVERSION = YES;
				CLANG_WARN_INFINITE_RECURSION = YES;
				CLANG_WARN_INT_CONVERSION = YES;
				CLANG_WARN_NON_LITERAL_NULL_CONVERSION = YES;
				CLANG_WARN_OBJC_IMPLICIT_RETAIN_SELF = YES;
				CLANG_WARN_OBJC_LITERAL_CONVERSION = YES;
				CLANG_WARN_OBJC_ROOT_CLASS = YES_ERROR;
				CLANG_WARN_QUOTED_INCLUDE_IN_FRAMEWORK_HEADER = YES;
				CLANG_WARN_RANGE_LOOP_ANALYSIS = YES;
				CLANG_WARN_STRICT_PROTOTYPES = YES;
				CLANG_WARN_SUSPICIOUS_MOVE = YES;
				CLANG_WARN_UNGUARDED_AVAILABILITY = YES_AGGRESSIVE;
				CLANG_WARN_UNREACHABLE_CODE = YES;
				CLANG_WARN__DUPLICATE_METHOD_MATCH = YES;
				COPY_PHASE_STRIP = NO;
				DEBUG_INFORMATION_FORMAT = "dwarf-with-dsym";
				ENABLE_NS_ASSERTIONS = NO;
				ENABLE_STRICT_OBJC_MSGSEND = YES;
				GCC_C_LANGUAGE_STANDARD = gnu11;
				GCC_NO_COMMON_BLOCKS = YES;
				GCC_WARN_64_TO_32_BIT_CONVERSION = YES;
				GCC_WARN_ABOUT_RETURN_TYPE = YES_ERROR;
				GCC_WARN_UNDECLARED_SELECTOR = YES;
				GCC_WARN_UNINITIALIZED_AUTOS = YES_AGGRESSIVE;
				GCC_WARN_UNUSED_FUNCTION = YES;
				GCC_WARN_UNUSED_VARIABLE = YES;
				IPHONEOS_DEPLOYMENT_TARGET = 15.0;
				MTL_ENABLE_DEBUG_INFO = NO;
				MTL_FAST_MATH = YES;
				SDKROOT = iphoneos;
				SWIFT_COMPILATION_MODE = wholemodule;
				SWIFT_OPTIMIZATION_LEVEL = "-O";
				VALIDATE_PRODUCT = YES;
			};
			name = Release;
		};
		CF3A862E2922A368000CCB5E /* Debug */ = {
			isa = XCBuildConfiguration;
			buildSettings = {
				ASSETCATALOG_COMPILER_APPICON_NAME = AppIcon;
				ASSETCATALOG_COMPILER_GLOBAL_ACCENT_COLOR_NAME = AccentColor;
				CODE_SIGN_STYLE = Automatic;
				CURRENT_PROJECT_VERSION = 1;
				DEVELOPMENT_ASSET_PATHS = "\"CrudSwift/Preview Content\"";
				ENABLE_PREVIEWS = YES;
				GENERATE_INFOPLIST_FILE = YES;
				INFOPLIST_KEY_UIApplicationSceneManifest_Generation = YES;
				INFOPLIST_KEY_UIApplicationSupportsIndirectInputEvents = YES;
				INFOPLIST_KEY_UILaunchScreen_Generation = YES;
				INFOPLIST_KEY_UISupportedInterfaceOrientations_iPad = "UIInterfaceOrientationPortrait UIInterfaceOrientationPortraitUpsideDown UIInterfaceOrientationLandscapeLeft UIInterfaceOrientationLandscapeRight";
				INFOPLIST_KEY_UISupportedInterfaceOrientations_iPhone = "UIInterfaceOrientationPortrait UIInterfaceOrientationLandscapeLeft UIInterfaceOrientationLandscapeRight";
				LD_RUNPATH_SEARCH_PATHS = (
					"$(inherited)",
					"@executable_path/Frameworks",
				);
				MARKETING_VERSION = 1.0;
				PRODUCT_BUNDLE_IDENTIFIER = ing.web.tec.CrudSwift;
				PRODUCT_NAME = "$(TARGET_NAME)";
				SWIFT_EMIT_LOC_STRINGS = YES;
				SWIFT_VERSION = 5.0;
				TARGETED_DEVICE_FAMILY = "1,2";
			};
			name = Debug;
		};
		CF3A862F2922A368000CCB5E /* Release */ = {
			isa = XCBuildConfiguration;
			buildSettings = {
				ASSETCATALOG_COMPILER_APPICON_NAME = AppIcon;
				ASSETCATALOG_COMPILER_GLOBAL_ACCENT_COLOR_NAME = AccentColor;
				CODE_SIGN_STYLE = Automatic;
				CURRENT_PROJECT_VERSION = 1;
				DEVELOPMENT_ASSET_PATHS = "\"CrudSwift/Preview Content\"";
				ENABLE_PREVIEWS = YES;
				GENERATE_INFOPLIST_FILE = YES;
				INFOPLIST_KEY_UIApplicationSceneManifest_Generation = YES;
				INFOPLIST_KEY_UIApplicationSupportsIndirectInputEvents = YES;
				INFOPLIST_KEY_UILaunchScreen_Generation = YES;
				INFOPLIST_KEY_UISupportedInterfaceOrientations_iPad = "UIInterfaceOrientationPortrait UIInterfaceOrientationPortraitUpsideDown UIInterfaceOrientationLandscapeLeft UIInterfaceOrientationLandscapeRight";
				INFOPLIST_KEY_UISupportedInterfaceOrientations_iPhone = "UIInterfaceOrientationPortrait UIInterfaceOrientationLandscapeLeft UIInterfaceOrientationLandscapeRight";
				LD_RUNPATH_SEARCH_PATHS = (
					"$(inherited)",
					"@executable_path/Frameworks",
				);
				MARKETING_VERSION = 1.0;
				PRODUCT_BUNDLE_IDENTIFIER = ing.web.tec.CrudSwift;
				PRODUCT_NAME = "$(TARGET_NAME)";
				SWIFT_EMIT_LOC_STRINGS = YES;
				SWIFT_VERSION = 5.0;
				TARGETED_DEVICE_FAMILY = "1,2";
			};
			name = Release;
		};
/* End XCBuildConfiguration section */

/* Begin XCConfigurationList section */
		CF3A86152922A367000CCB5E /* Build configuration list for PBXProject "CrudSwift" */ = {
			isa = XCConfigurationList;
			buildConfigurations = (
				CF3A862B2922A368000CCB5E /* Debug */,
				CF3A862C2922A368000CCB5E /* Release */,
			);
			defaultConfigurationIsVisible = 0;
			defaultConfigurationName = Release;
		};
		CF3A862D2922A368000CCB5E /* Build configuration list for PBXNativeTarget "CrudSwift" */ = {
			isa = XCConfigurationList;
			buildConfigurations = (
				CF3A862E2922A368000CCB5E /* Debug */,
				CF3A862F2922A368000CCB5E /* Release */,
			);
			defaultConfigurationIsVisible = 0;
			defaultConfigurationName = Release;
		};
/* End XCConfigurationList section */

/* Begin XCVersionGroup section */
		B12662A8292D368B00DB8E93 /* Usuario.xcdatamodeld */ = {
			isa = XCVersionGroup;
			children = (
				B12662A9292D368B00DB8E93 /* Usuario.xcdatamodel */,
			);
			currentVersion = B12662A9292D368B00DB8E93 /* Usuario.xcdatamodel */;
			path = Usuario.xcdatamodeld;
			sourceTree = "<group>";
			versionGroupType = wrapper.xcdatamodel;
		};
/* End XCVersionGroup section */
	};
	rootObject = CF3A86122922A367000CCB5E /* Project object */;
}
